{
  "version": 4,
  "terraform_version": "0.12.6",
  "serial": 1,
  "lineage": "c0aacb92-fe12-bec3-f44a-dfa1b20f6bfa",
  "outputs": {},
  "resources": [
    {
      "mode": "managed",
      "type": "aws_route53_zone",
      "name": "example",
      "provider": "provider.aws",
      "instances": [
        {
          "schema_version": 0,
          "attributes": {
            "comment": "Managed by Terraform",
            "delegation_set_id": "",
            "force_destroy": false,
            "id": "Z36JJITCRCWHBQ",
            "name": "example.domain.",
            "name_servers": [
              "ns-111.awsdns-13.com",
              "ns-1189.awsdns-20.org",
              "ns-1556.awsdns-02.co.uk",
              "ns-811.awsdns-37.net"
            ],
            "tags": null,
            "vpc": [],
            "vpc_id": null,
            "vpc_region": null,
            "zone_id": "Z36JJITCRCWHBQ"
          },
          "private": "bnVsbA=="
        }
      ]
    }
  ]
}
